
Microsoft Visual Studio Solution File, Format Version 12.00
# Visual Studio Version 17
VisualStudioVersion = 17.0.31903.59
MinimumVisualStudioVersion = 10.0.40219.1
Project("{2150E333-8FDC-42A3-9474-1A3956D46DE8}") = "src", "src", "{827E0CD3-B72D-47B6-A68D-7590B98EB39B}"
EndProject
Project("{FAE04EC0-301F-11D3-BF4B-00C04F79EFBC}") = "TaskManager.Api", "src\TaskManager.Api\TaskManager.Api.csproj", "{E8AD9B62-3255-4E4A-AFF1-E9CDE6C3E16F}"
EndProject
Project("{FAE04EC0-301F-11D3-BF4B-00C04F79EFBC}") = "TaskManager.Application", "src\TaskManager.Application\TaskManager.Application.csproj", "{87841397-89C8-46AD-8659-512A5ECEF8F0}"
EndProject
Project("{FAE04EC0-301F-11D3-BF4B-00C04F79EFBC}") = "TaskManager.Domain", "src\TaskManager.Domain\TaskManager.Domain.csproj", "{AC305977-D4BE-4C9E-A1E3-ACB7412DDEDC}"
EndProject
Project("{FAE04EC0-301F-11D3-BF4B-00C04F79EFBC}") = "TaskManager.Infrastructure", "src\TaskManager.Infrastructure\TaskManager.Infrastructure.csproj", "{C26B8931-1E1F-428D-92D8-6EF4EF631231}"
EndProject
Project("{2150E333-8FDC-42A3-9474-1A3956D46DE8}") = "tests", "tests", "{0AB3BF05-4346-4AA6-1389-037BE0695223}"
EndProject
Project("{FAE04EC0-301F-11D3-BF4B-00C04F79EFBC}") = "TaskManager.UnitTests", "tests\TaskManager.UnitTests\TaskManager.UnitTests.csproj", "{2B14A8F0-AEA8-4FAC-9853-08DAA2BA74DD}"
EndProject
Project("{FAE04EC0-301F-11D3-BF4B-00C04F79EFBC}") = "TaskManager.IntegrationTests", "tests\TaskManager.IntegrationTests\TaskManager.IntegrationTests.csproj", "{B0DE11CA-8A7C-4167-8317-291E9E63A95A}"
EndProject
Project("{2150E333-8FDC-42A3-9474-1A3956D46DE8}") = "Solution Items", "Solution Items", "{8EC462FD-D22E-90A8-E5CE-7E832BA40C5D}"
	ProjectSection(SolutionItems) = preProject
		.dockerignore = .dockerignore
		docker-compose.yml = docker-compose.yml
		README.md = README.md
	EndProjectSection
EndProject
Project("{2150E333-8FDC-42A3-9474-1A3956D46DE8}") = ".github", ".github", "{02EA681E-C7D8-13C7-8484-4AC65E1B71E8}"
EndProject
Project("{2150E333-8FDC-42A3-9474-1A3956D46DE8}") = "workflows", "workflows", "{B62DB66A-86ED-4868-930F-BEE0556F6305}"
	ProjectSection(SolutionItems) = preProject
		ci.yml = ci.yml
	EndProjectSection
EndProject
Global
	GlobalSection(SolutionConfigurationPlatforms) = preSolution
		Debug|Any CPU = Debug|Any CPU
		Debug|x64 = Debug|x64
		Debug|x86 = Debug|x86
		Release|Any CPU = Release|Any CPU
		Release|x64 = Release|x64
		Release|x86 = Release|x86
	EndGlobalSection
	GlobalSection(ProjectConfigurationPlatforms) = postSolution
		{E8AD9B62-3255-4E4A-AFF1-E9CDE6C3E16F}.Debug|Any CPU.ActiveCfg = Debug|Any CPU
		{E8AD9B62-3255-4E4A-AFF1-E9CDE6C3E16F}.Debug|Any CPU.Build.0 = Debug|Any CPU
		{E8AD9B62-3255-4E4A-AFF1-E9CDE6C3E16F}.Debug|x64.ActiveCfg = Debug|Any CPU
		{E8AD9B62-3255-4E4A-AFF1-E9CDE6C3E16F}.Debug|x64.Build.0 = Debug|Any CPU
		{E8AD9B62-3255-4E4A-AFF1-E9CDE6C3E16F}.Debug|x86.ActiveCfg = Debug|Any CPU
		{E8AD9B62-3255-4E4A-AFF1-E9CDE6C3E16F}.Debug|x86.Build.0 = Debug|Any CPU
		{E8AD9B62-3255-4E4A-AFF1-E9CDE6C3E16F}.Release|Any CPU.ActiveCfg = Release|Any CPU
		{E8AD9B62-3255-4E4A-AFF1-E9CDE6C3E16F}.Release|Any CPU.Build.0 = Release|Any CPU
		{E8AD9B62-3255-4E4A-AFF1-E9CDE6C3E16F}.Release|x64.ActiveCfg = Release|Any CPU
		{E8AD9B62-3255-4E4A-AFF1-E9CDE6C3E16F}.Release|x64.Build.0 = Release|Any CPU
		{E8AD9B62-3255-4E4A-AFF1-E9CDE6C3E16F}.Release|x86.ActiveCfg = Release|Any CPU
		{E8AD9B62-3255-4E4A-AFF1-E9CDE6C3E16F}.Release|x86.Build.0 = Release|Any CPU
		{87841397-89C8-46AD-8659-512A5ECEF8F0}.Debug|Any CPU.ActiveCfg = Debug|Any CPU
		{87841397-89C8-46AD-8659-512A5ECEF8F0}.Debug|Any CPU.Build.0 = Debug|Any CPU
		{87841397-89C8-46AD-8659-512A5ECEF8F0}.Debug|x64.ActiveCfg = Debug|Any CPU
		{87841397-89C8-46AD-8659-512A5ECEF8F0}.Debug|x64.Build.0 = Debug|Any CPU
		{87841397-89C8-46AD-8659-512A5ECEF8F0}.Debug|x86.ActiveCfg = Debug|Any CPU
		{87841397-89C8-46AD-8659-512A5ECEF8F0}.Debug|x86.Build.0 = Debug|Any CPU
		{87841397-89C8-46AD-8659-512A5ECEF8F0}.Release|Any CPU.ActiveCfg = Release|Any CPU
		{87841397-89C8-46AD-8659-512A5ECEF8F0}.Release|Any CPU.Build.0 = Release|Any CPU
		{87841397-89C8-46AD-8659-512A5ECEF8F0}.Release|x64.ActiveCfg = Release|Any CPU
		{87841397-89C8-46AD-8659-512A5ECEF8F0}.Release|x64.Build.0 = Release|Any CPU
		{87841397-89C8-46AD-8659-512A5ECEF8F0}.Release|x86.ActiveCfg = Release|Any CPU
		{87841397-89C8-46AD-8659-512A5ECEF8F0}.Release|x86.Build.0 = Release|Any CPU
		{AC305977-D4BE-4C9E-A1E3-ACB7412DDEDC}.Debug|Any CPU.ActiveCfg = Debug|Any CPU
		{AC305977-D4BE-4C9E-A1E3-ACB7412DDEDC}.Debug|Any CPU.Build.0 = Debug|Any CPU
		{AC305977-D4BE-4C9E-A1E3-ACB7412DDEDC}.Debug|x64.ActiveCfg = Debug|Any CPU
		{AC305977-D4BE-4C9E-A1E3-ACB7412DDEDC}.Debug|x64.Build.0 = Debug|Any CPU
		{AC305977-D4BE-4C9E-A1E3-ACB7412DDEDC}.Debug|x86.ActiveCfg = Debug|Any CPU
		{AC305977-D4BE-4C9E-A1E3-ACB7412DDEDC}.Debug|x86.Build.0 = Debug|Any CPU
		{AC305977-D4BE-4C9E-A1E3-ACB7412DDEDC}.Release|Any CPU.ActiveCfg = Release|Any CPU
		{AC305977-D4BE-4C9E-A1E3-ACB7412DDEDC}.Release|Any CPU.Build.0 = Release|Any CPU
		{AC305977-D4BE-4C9E-A1E3-ACB7412DDEDC}.Release|x64.ActiveCfg = Release|Any CPU
		{AC305977-D4BE-4C9E-A1E3-ACB7412DDEDC}.Release|x64.Build.0 = Release|Any CPU
		{AC305977-D4BE-4C9E-A1E3-ACB7412DDEDC}.Release|x86.ActiveCfg = Release|Any CPU
		{AC305977-D4BE-4C9E-A1E3-ACB7412DDEDC}.Release|x86.Build.0 = Release|Any CPU
		{C26B8931-1E1F-428D-92D8-6EF4EF631231}.Debug|Any CPU.ActiveCfg = Debug|Any CPU
		{C26B8931-1E1F-428D-92D8-6EF4EF631231}.Debug|Any CPU.Build.0 = Debug|Any CPU
		{C26B8931-1E1F-428D-92D8-6EF4EF631231}.Debug|x64.ActiveCfg = Debug|Any CPU
		{C26B8931-1E1F-428D-92D8-6EF4EF631231}.Debug|x64.Build.0 = Debug|Any CPU
		{C26B8931-1E1F-428D-92D8-6EF4EF631231}.Debug|x86.ActiveCfg = Debug|Any CPU
		{C26B8931-1E1F-428D-92D8-6EF4EF631231}.Debug|x86.Build.0 = Debug|Any CPU
		{C26B8931-1E1F-428D-92D8-6EF4EF631231}.Release|Any CPU.ActiveCfg = Release|Any CPU
		{C26B8931-1E1F-428D-92D8-6EF4EF631231}.Release|Any CPU.Build.0 = Release|Any CPU
		{C26B8931-1E1F-428D-92D8-6EF4EF631231}.Release|x64.ActiveCfg = Release|Any CPU
		{C26B8931-1E1F-428D-92D8-6EF4EF631231}.Release|x64.Build.0 = Release|Any CPU
		{C26B8931-1E1F-428D-92D8-6EF4EF631231}.Release|x86.ActiveCfg = Release|Any CPU
		{C26B8931-1E1F-428D-92D8-6EF4EF631231}.Release|x86.Build.0 = Release|Any CPU
		{2B14A8F0-AEA8-4FAC-9853-08DAA2BA74DD}.Debug|Any CPU.ActiveCfg = Debug|Any CPU
		{2B14A8F0-AEA8-4FAC-9853-08DAA2BA74DD}.Debug|Any CPU.Build.0 = Debug|Any CPU
		{2B14A8F0-AEA8-4FAC-9853-08DAA2BA74DD}.Debug|x64.ActiveCfg = Debug|Any CPU
		{2B14A8F0-AEA8-4FAC-9853-08DAA2BA74DD}.Debug|x64.Build.0 = Debug|Any CPU
		{2B14A8F0-AEA8-4FAC-9853-08DAA2BA74DD}.Debug|x86.ActiveCfg = Debug|Any CPU
		{2B14A8F0-AEA8-4FAC-9853-08DAA2BA74DD}.Debug|x86.Build.0 = Debug|Any CPU
		{2B14A8F0-AEA8-4FAC-9853-08DAA2BA74DD}.Release|Any CPU.ActiveCfg = Release|Any CPU
		{2B14A8F0-AEA8-4FAC-9853-08DAA2BA74DD}.Release|Any CPU.Build.0 = Release|Any CPU
		{2B14A8F0-AEA8-4FAC-9853-08DAA2BA74DD}.Release|x64.ActiveCfg = Release|Any CPU
		{2B14A8F0-AEA8-4FAC-9853-08DAA2BA74DD}.Release|x64.Build.0 = Release|Any CPU
		{2B14A8F0-AEA8-4FAC-9853-08DAA2BA74DD}.Release|x86.ActiveCfg = Release|Any CPU
		{2B14A8F0-AEA8-4FAC-9853-08DAA2BA74DD}.Release|x86.Build.0 = Release|Any CPU
		{B0DE11CA-8A7C-4167-8317-291E9E63A95A}.Debug|Any CPU.ActiveCfg = Debug|Any CPU
		{B0DE11CA-8A7C-4167-8317-291E9E63A95A}.Debug|Any CPU.Build.0 = Debug|Any CPU
		{B0DE11CA-8A7C-4167-8317-291E9E63A95A}.Debug|x64.ActiveCfg = Debug|Any CPU
		{B0DE11CA-8A7C-4167-8317-291E9E63A95A}.Debug|x64.Build.0 = Debug|Any CPU
		{B0DE11CA-8A7C-4167-8317-291E9E63A95A}.Debug|x86.ActiveCfg = Debug|Any CPU
		{B0DE11CA-8A7C-4167-8317-291E9E63A95A}.Debug|x86.Build.0 = Debug|Any CPU
		{B0DE11CA-8A7C-4167-8317-291E9E63A95A}.Release|Any CPU.ActiveCfg = Release|Any CPU
		{B0DE11CA-8A7C-4167-8317-291E9E63A95A}.Release|Any CPU.Build.0 = Release|Any CPU
		{B0DE11CA-8A7C-4167-8317-291E9E63A95A}.Release|x64.ActiveCfg = Release|Any CPU
		{B0DE11CA-8A7C-4167-8317-291E9E63A95A}.Release|x64.Build.0 = Release|Any CPU
		{B0DE11CA-8A7C-4167-8317-291E9E63A95A}.Release|x86.ActiveCfg = Release|Any CPU
		{B0DE11CA-8A7C-4167-8317-291E9E63A95A}.Release|x86.Build.0 = Release|Any CPU
	EndGlobalSection
	GlobalSection(SolutionProperties) = preSolution
		HideSolutionNode = FALSE
	EndGlobalSection
	GlobalSection(NestedProjects) = preSolution
		{E8AD9B62-3255-4E4A-AFF1-E9CDE6C3E16F} = {827E0CD3-B72D-47B6-A68D-7590B98EB39B}
		{87841397-89C8-46AD-8659-512A5ECEF8F0} = {827E0CD3-B72D-47B6-A68D-7590B98EB39B}
		{AC305977-D4BE-4C9E-A1E3-ACB7412DDEDC} = {827E0CD3-B72D-47B6-A68D-7590B98EB39B}
		{C26B8931-1E1F-428D-92D8-6EF4EF631231} = {827E0CD3-B72D-47B6-A68D-7590B98EB39B}
		{2B14A8F0-AEA8-4FAC-9853-08DAA2BA74DD} = {0AB3BF05-4346-4AA6-1389-037BE0695223}
		{B0DE11CA-8A7C-4167-8317-291E9E63A95A} = {0AB3BF05-4346-4AA6-1389-037BE0695223}
		{B62DB66A-86ED-4868-930F-BEE0556F6305} = {02EA681E-C7D8-13C7-8484-4AC65E1B71E8}
	EndGlobalSection
	GlobalSection(ExtensibilityGlobals) = postSolution
		SolutionGuid = {540A17DA-609B-4F9F-844F-3FACE1DEF860}
	EndGlobalSection
EndGlobal
